
Microsoft Visual Studio Solution File, Format Version 12.00
# Visual Studio Version 17
VisualStudioVersion = 17.1.32228.430
MinimumVisualStudioVersion = 10.0.40219.1
Project("{FAE04EC0-301F-11D3-BF4B-00C04F79EFBC}") = "private_constructor", "private_constructor\private_constructor.csproj", "{666F29E0-8B36-4E03-B08E-628BBA41BE1E}"
EndProject
Global
	GlobalSection(SolutionConfigurationPlatforms) = preSolution
		Debug|Any CPU = Debug|Any CPU
		Release|Any CPU = Release|Any CPU
	EndGlobalSection
	GlobalSection(ProjectConfigurationPlatforms) = postSolution
		{666F29E0-8B36-4E03-B08E-628BBA41BE1E}.Debug|Any CPU.ActiveCfg = Debug|Any CPU
		{666F29E0-8B36-4E03-B08E-628BBA41BE1E}.Debug|Any CPU.Build.0 = Debug|Any CPU
		{666F29E0-8B36-4E03-B08E-628BBA41BE1E}.Release|Any CPU.ActiveCfg = Release|Any CPU
		{666F29E0-8B36-4E03-B08E-628BBA41BE1E}.Release|Any CPU.Build.0 = Release|Any CPU
	EndGlobalSection
	GlobalSection(SolutionProperties) = preSolution
		HideSolutionNode = FALSE
	EndGlobalSection
	GlobalSection(ExtensibilityGlobals) = postSolution
		SolutionGuid = {05F235CF-3F79-4F2D-8DA5-C590FE86802B}
	EndGlobalSection
EndGlobal
